
Microsoft Visual Studio Solution File, Format Version 12.00
# Visual Studio Version 16
VisualStudioVersion = 16.0.29806.167
MinimumVisualStudioVersion = 10.0.40219.1
Project("{FAE04EC0-301F-11D3-BF4B-00C04F79EFBC}") = "NumberGuesser", "NumberGuesser\NumberGuesser.csproj", "{AFF01AA5-94F9-4B2B-B9D4-5A41BB9C1402}"
EndProject
Global
	GlobalSection(SolutionConfigurationPlatforms) = preSolution
		Debug|Any CPU = Debug|Any CPU
		Release|Any CPU = Release|Any CPU
	EndGlobalSection
	GlobalSection(ProjectConfigurationPlatforms) = postSolution
		{AFF01AA5-94F9-4B2B-B9D4-5A41BB9C1402}.Debug|Any CPU.ActiveCfg = Debug|Any CPU
		{AFF01AA5-94F9-4B2B-B9D4-5A41BB9C1402}.Debug|Any CPU.Build.0 = Debug|Any CPU
		{AFF01AA5-94F9-4B2B-B9D4-5A41BB9C1402}.Release|Any CPU.ActiveCfg = Release|Any CPU
		{AFF01AA5-94F9-4B2B-B9D4-5A41BB9C1402}.Release|Any CPU.Build.0 = Release|Any CPU
	EndGlobalSection
	GlobalSection(SolutionProperties) = preSolution
		HideSolutionNode = FALSE
	EndGlobalSection
	GlobalSection(ExtensibilityGlobals) = postSolution
		SolutionGuid = {B5DFD61B-B628-44D5-825B-B82143E10E92}
	EndGlobalSection
EndGlobal
